schema: '2.0'
stages:
  data_preprocessing:
    cmd: python scripts/data_prep_script.py
    deps:
    - path: configs/data_prep_config.yaml
      hash: md5
      md5: e63838f6cdb1297b2d7638bed8ad6095
      size: 1724
    - path: data/raw/bitext-retail-ecommerce-llm-chatbot-training-dataset.csv
      hash: md5
      md5: 6dd684fa00ea6f065b0b7c9375e01675
      size: 42624013
    - path: scripts/data_prep_script.py
      hash: md5
      md5: a399d24befd07ce475ff7ad76a1d048d
      size: 4792
    - path: src/data_prep.py
      hash: md5
      md5: fcbb3731279b1b77286ada28737710f4
      size: 8729
    params:
      params.yaml:
        sampling.sample_description: small_dataset_for_testing_pipeline
        sampling.sample_size: 10
    outs:
    - path: data/processed/latest_dataset_ref.json
      hash: md5
      md5: d6712bfecbc86fec0dada02f437c534b
      size: 225
